// !$*UTF8*$!
{
	archiveVersion = 1;
	classes = {
	};
	objectVersion = 77;
	objects = {

/* Begin PBXBuildFile section */
		56E2B7F72FA1D375006662A3 /* NCMKit.xcframework in Frameworks */ = {isa = PBXBuildFile; fileRef = 56E2B7F62FA1D375006662A3 /* NCMKit.xcframework */; };
		56E2B7F82FA1D375006662A3 /* NCMKit.xcframework in Embed Frameworks */ = {isa = PBXBuildFile; fileRef = 56E2B7F62FA1D375006662A3 /* NCMKit.xcframework */; settings = {ATTRIBUTES = (CodeSignOnCopy, RemoveHeadersOnCopy, ); }; };
/* End PBXBuildFile section */

/* Begin PBXContainerItemProxy section */
		56E2B7D82FA1CF4D006662A3 /* PBXContainerItemProxy */ = {
			isa = PBXContainerItemProxy;
			containerPortal = 56E2B7B92FA1CF4B006662A3 /* Project object */;
			proxyType = 1;
			remoteGlobalIDString = 56E2B7C02FA1CF4B006662A3;
			remoteInfo = ncmdemo;
		};
		56E2B7E22FA1CF4D006662A3 /* PBXContainerItemProxy */ = {
			isa = PBXContainerItemProxy;
			containerPortal = 56E2B7B92FA1CF4B006662A3 /* Project object */;
			proxyType = 1;
			remoteGlobalIDString = 56E2B7C02FA1CF4B006662A3;
			remoteInfo = ncmdemo;
		};
/* End PBXContainerItemProxy section */

/* Begin PBXCopyFilesBuildPhase section */
		56E2B7F92FA1D375006662A3 /* Embed Frameworks */ = {
			isa = PBXCopyFilesBuildPhase;
			buildActionMask = 2147483647;
			dstPath = "";
			dstSubfolderSpec = 10;
			files = (
				56E2B7F82FA1D375006662A3 /* NCMKit.xcframework in Embed Frameworks */,
			);
			name = "Embed Frameworks";
			runOnlyForDeploymentPostprocessing = 0;
		};
/* End PBXCopyFilesBuildPhase section */

/* Begin PBXFileReference section */
		56E2B7C12FA1CF4B006662A3 /* ncmdemo.app */ = {isa = PBXFileReference; explicitFileType = wrapper.application; includeInIndex = 0; path = ncmdemo.app; sourceTree = BUILT_PRODUCTS_DIR; };
		56E2B7D72FA1CF4D006662A3 /* ncmdemoTests.xctest */ = {isa = PBXFileReference; explicitFileType = wrapper.cfbundle; includeInIndex = 0; path = ncmdemoTests.xctest; sourceTree = BUILT_PRODUCTS_DIR; };
		56E2B7E12FA1CF4D006662A3 /* ncmdemoUITests.xctest */ = {isa = PBXFileReference; explicitFileType = wrapper.cfbundle; includeInIndex = 0; path = ncmdemoUITests.xctest; sourceTree = BUILT_PRODUCTS_DIR; };
		56E2B7F62FA1D375006662A3 /* NCMKit.xcframework */ = {isa = PBXFileReference; lastKnownFileType = wrapper.xcframework; path = NCMKit.xcframework; sourceTree = "<group>"; };
/* End PBXFileReference section */

/* Begin PBXFileSystemSynchronizedBuildFileExceptionSet section */
		56E2B7E92FA1CF4D006662A3 /* Exceptions for "ncmdemo" folder in "ncmdemo" target */ = {
			isa = PBXFileSystemSynchronizedBuildFileExceptionSet;
			membershipExceptions = (
				Info.plist,
			);
			target = 56E2B7C02FA1CF4B006662A3 /* ncmdemo */;
		};
/* End PBXFileSystemSynchronizedBuildFileExceptionSet section */

/* Begin PBXFileSystemSynchronizedRootGroup section */
		56E2B7C32FA1CF4B006662A3 /* ncmdemo */ = {
			isa = PBXFileSystemSynchronizedRootGroup;
			exceptions = (
				56E2B7E92FA1CF4D006662A3 /* Exceptions for "ncmdemo" folder in "ncmdemo" target */,
			);
			path = ncmdemo;
			sourceTree = "<group>";
		};
		56E2B7DA2FA1CF4D006662A3 /* ncmdemoTests */ = {
			isa = PBXFileSystemSynchronizedRootGroup;
			path = ncmdemoTests;
			sourceTree = "<group>";
		};
		56E2B7E42FA1CF4D006662A3 /* ncmdemoUITests */ = {
			isa = PBXFileSystemSynchronizedRootGroup;
			path = ncmdemoUITests;
			sourceTree = "<group>";
		};
/* End PBXFileSystemSynchronizedRootGroup section */

/* Begin PBXFrameworksBuildPhase section */
		56E2B7BE2FA1CF4B006662A3 /* Frameworks */ = {
			isa = PBXFrameworksBuildPhase;
			buildActionMask = 2147483647;
			files = (
				56E2B7F72FA1D375006662A3 /* NCMKit.xcframework in Frameworks */,
			);
			runOnlyForDeploymentPostprocessing = 0;
		};
		56E2B7D42FA1CF4D006662A3 /* Frameworks */ = {
			isa = PBXFrameworksBuildPhase;
			buildActionMask = 2147483647;
			files = (
			);
			runOnlyForDeploymentPostprocessing = 0;
		};
		56E2B7DE2FA1CF4D006662A3 /* Frameworks */ = {
			isa = PBXFrameworksBuildPhase;
			buildActionMask = 2147483647;
			files = (
			);
			runOnlyForDeploymentPostprocessing = 0;
		};
/* End PBXFrameworksBuildPhase section */

/* Begin PBXGroup section */
		56E2B7B82FA1CF4B006662A3 = {
			isa = PBXGroup;
			children = (
				56E2B7C32FA1CF4B006662A3 /* ncmdemo */,
				56E2B7DA2FA1CF4D006662A3 /* ncmdemoTests */,
				56E2B7E42FA1CF4D006662A3 /* ncmdemoUITests */,
				56E2B7F52FA1D374006662A3 /* Frameworks */,
				56E2B7C22FA1CF4B006662A3 /* Products */,
			);
			sourceTree = "<group>";
		};
		56E2B7C22FA1CF4B006662A3 /* Products */ = {
			isa = PBXGroup;
			children = (
				56E2B7C12FA1CF4B006662A3 /* ncmdemo.app */,
				56E2B7D72FA1CF4D006662A3 /* ncmdemoTests.xctest */,
				56E2B7E12FA1CF4D006662A3 /* ncmdemoUITests.xctest */,
			);
			name = Products;
			sourceTree = "<group>";
		};
		56E2B7F52FA1D374006662A3 /* Frameworks */ = {
			isa = PBXGroup;
			children = (
				56E2B7F62FA1D375006662A3 /* NCMKit.xcframework */,
			);
			name = Frameworks;
			sourceTree = "<group>";
		};
/* End PBXGroup section */

/* Begin PBXNativeTarget section */
		56E2B7C02FA1CF4B006662A3 /* ncmdemo */ = {
			isa = PBXNativeTarget;
			buildConfigurationList = 56E2B7EA2FA1CF4D006662A3 /* Build configuration list for PBXNativeTarget "ncmdemo" */;
			buildPhases = (
				56E2B7BD2FA1CF4B006662A3 /* Sources */,
				56E2B7BE2FA1CF4B006662A3 /* Frameworks */,
				56E2B7BF2FA1CF4B006662A3 /* Resources */,
				56E2B7F92FA1D375006662A3 /* Embed Frameworks */,
			);
			buildRules = (
			);
			dependencies = (
			);
			fileSystemSynchronizedGroups = (
				56E2B7C32FA1CF4B006662A3 /* ncmdemo */,
			);
			name = ncmdemo;
			packageProductDependencies = (
			);
			productName = ncmdemo;
			productReference = 56E2B7C12FA1CF4B006662A3 /* ncmdemo.app */;
			productType = "com.apple.product-type.application";
		};
		56E2B7D62FA1CF4D006662A3 /* ncmdemoTests */ = {
			isa = PBXNativeTarget;
			buildConfigurationList = 56E2B7EF2FA1CF4D006662A3 /* Build configuration list for PBXNativeTarget "ncmdemoTests" */;
			buildPhases = (
				56E2B7D32FA1CF4D006662A3 /* Sources */,
				56E2B7D42FA1CF4D006662A3 /* Frameworks */,
				56E2B7D52FA1CF4D006662A3 /* Resources */,
			);
			buildRules = (
			);
			dependencies = (
				56E2B7D92FA1CF4D006662A3 /* PBXTargetDependency */,
			);
			fileSystemSynchronizedGroups = (
				56E2B7DA2FA1CF4D006662A3 /* ncmdemoTests */,
			);
			name = ncmdemoTests;
			packageProductDependencies = (
			);
			productName = ncmdemoTests;
			productReference = 56E2B7D72FA1CF4D006662A3 /* ncmdemoTests.xctest */;
			productType = "com.apple.product-type.bundle.unit-test";
		};
		56E2B7E02FA1CF4D006662A3 /* ncmdemoUITests */ = {
			isa = PBXNativeTarget;
			buildConfigurationList = 56E2B7F22FA1CF4D006662A3 /* Build configuration list for PBXNativeTarget "ncmdemoUITests" */;
			buildPhases = (
				56E2B7DD2FA1CF4D006662A3 /* Sources */,
				56E2B7DE2FA1CF4D006662A3 /* Frameworks */,
				56E2B7DF2FA1CF4D006662A3 /* Resources */,
			);
			buildRules = (
			);
			dependencies = (
				56E2B7E32FA1CF4D006662A3 /* PBXTargetDependency */,
			);
			fileSystemSynchronizedGroups = (
				56E2B7E42FA1CF4D006662A3 /* ncmdemoUITests */,
			);
			name = ncmdemoUITests;
			packageProductDependencies = (
			);
			productName = ncmdemoUITests;
			productReference = 56E2B7E12FA1CF4D006662A3 /* ncmdemoUITests.xctest */;
			productType = "com.apple.product-type.bundle.ui-testing";
		};
/* End PBXNativeTarget section */

/* Begin PBXProject section */
		56E2B7B92FA1CF4B006662A3 /* Project object */ = {
			isa = PBXProject;
			attributes = {
				BuildIndependentTargetsInParallel = 1;
				LastSwiftUpdateCheck = 1620;
				LastUpgradeCheck = 1620;
				TargetAttributes = {
					56E2B7C02FA1CF4B006662A3 = {
						CreatedOnToolsVersion = 16.2;
					};
					56E2B7D62FA1CF4D006662A3 = {
						CreatedOnToolsVersion = 16.2;
						TestTargetID = 56E2B7C02FA1CF4B006662A3;
					};
					56E2B7E02FA1CF4D006662A3 = {
						CreatedOnToolsVersion = 16.2;
						TestTargetID = 56E2B7C02FA1CF4B006662A3;
					};
				};
			};
			buildConfigurationList = 56E2B7BC2FA1CF4B006662A3 /* Build configuration list for PBXProject "ncmdemo" */;
			developmentRegion = en;
			hasScannedForEncodings = 0;
			knownRegions = (
				en,
				Base,
			);
			mainGroup = 56E2B7B82FA1CF4B006662A3;
			minimizedProjectReferenceProxies = 1;
			preferredProjectObjectVersion = 77;
			productRefGroup = 56E2B7C22FA1CF4B006662A3 /* Products */;
			projectDirPath = "";
			projectRoot = "";
			targets = (
				56E2B7C02FA1CF4B006662A3 /* ncmdemo */,
				56E2B7D62FA1CF4D006662A3 /* ncmdemoTests */,
				56E2B7E02FA1CF4D006662A3 /* ncmdemoUITests */,
			);
		};
/* End PBXProject section */

/* Begin PBXResourcesBuildPhase section */
		56E2B7BF2FA1CF4B006662A3 /* Resources */ = {
			isa = PBXResourcesBuildPhase;
			buildActionMask = 2147483647;
			files = (
			);
			runOnlyForDeploymentPostprocessing = 0;
		};
		56E2B7D52FA1CF4D006662A3 /* Resources */ = {
			isa = PBXResourcesBuildPhase;
			buildActionMask = 2147483647;
			files = (
			);
			runOnlyForDeploymentPostprocessing = 0;
		};
		56E2B7DF2FA1CF4D006662A3 /* Resources */ = {
			isa = PBXResourcesBuildPhase;
			buildActionMask = 2147483647;
			files = (
			);
			runOnlyForDeploymentPostprocessing = 0;
		};
/* End PBXResourcesBuildPhase section */

/* Begin PBXSourcesBuildPhase section */
		56E2B7BD2FA1CF4B006662A3 /* Sources */ = {
			isa = PBXSourcesBuildPhase;
			buildActionMask = 2147483647;
			files = (
			);
			runOnlyForDeploymentPostprocessing = 0;
		};
		56E2B7D32FA1CF4D006662A3 /* Sources */ = {
			isa = PBXSourcesBuildPhase;
			buildActionMask = 2147483647;
			files = (
			);
			runOnlyForDeploymentPostprocessing = 0;
		};
		56E2B7DD2FA1CF4D006662A3 /* Sources */ = {
			isa = PBXSourcesBuildPhase;
			buildActionMask = 2147483647;
			files = (
			);
			runOnlyForDeploymentPostprocessing = 0;
		};
/* End PBXSourcesBuildPhase section */

/* Begin PBXTargetDependency section */
		56E2B7D92FA1CF4D006662A3 /* PBXTargetDependency */ = {
			isa = PBXTargetDependency;
			target = 56E2B7C02FA1CF4B006662A3 /* ncmdemo */;
			targetProxy = 56E2B7D82FA1CF4D006662A3 /* PBXContainerItemProxy */;
		};
		56E2B7E32FA1CF4D006662A3 /* PBXTargetDependency */ = {
			isa = PBXTargetDependency;
			target = 56E2B7C02FA1CF4B006662A3 /* ncmdemo */;
			targetProxy = 56E2B7E22FA1CF4D006662A3 /* PBXContainerItemProxy */;
		};
/* End PBXTargetDependency section */

/* Begin XCBuildConfiguration section */
		56E2B7EB2FA1CF4D006662A3 /* Debug */ = {
			isa = XCBuildConfiguration;
			buildSettings = {
				ASSETCATALOG_COMPILER_APPICON_NAME = AppIcon;
				ASSETCATALOG_COMPILER_GLOBAL_ACCENT_COLOR_NAME = AccentColor;
				CODE_SIGN_STYLE = Automatic;
				CURRENT_PROJECT_VERSION = 1;
				DEVELOPMENT_TEAM = CS52G5Z35S;
				GENERATE_INFOPLIST_FILE = YES;
				INFOPLIST_FILE = ncmdemo/Info.plist;
				INFOPLIST_KEY_UIApplicationSupportsIndirectInputEvents = YES;
				INFOPLIST_KEY_UILaunchStoryboardName = LaunchScreen;
				INFOPLIST_KEY_UIMainStoryboardFile = Main;
				INFOPLIST_KEY_UISupportedInterfaceOrientations_iPad = "UIInterfaceOrientationPortrait UIInterfaceOrientationPortraitUpsideDown UIInterfaceOrientationLandscapeLeft UIInterfaceOrientationLandscapeRight";
				INFOPLIST_KEY_UISupportedInterfaceOrientations_iPhone = "UIInterfaceOrientationPortrait UIInterfaceOrientationLandscapeLeft UIInterfaceOrientationLandscapeRight";
				LD_RUNPATH_SEARCH_PATHS = (
					"$(inherited)",
					"@executable_path/Frameworks",
				);
				MARKETING_VERSION = 1.0;
				PRODUCT_BUNDLE_IDENTIFIER = com.huaibor.ncmdemo;
				PRODUCT_NAME = "$(TARGET_NAME)";
				SWIFT_EMIT_LOC_STRINGS = YES;
				SWIFT_VERSION = 5.0;
				TARGETED_DEVICE_FAMILY = "1,2";
			};
			name = Debug;
		};
		56E2B7EC2FA1CF4D006662A3 /* Release */ = {
			isa = XCBuildConfiguration;
			buildSettings = {
				ASSETCATALOG_COMPILER_APPICON_NAME = AppIcon;
				ASSETCATALOG_COMPILER_GLOBAL_ACCENT_COLOR_NAME = AccentColor;
				CODE_SIGN_STYLE = Automatic;
				CURRENT_PROJECT_VERSION = 1;
				DEVELOPMENT_TEAM = CS52G5Z35S;
				GENERATE_INFOPLIST_FILE = YES;
				INFOPLIST_FILE = ncmdemo/Info.plist;
				INFOPLIST_KEY_UIApplicationSupportsIndirectInputEvents = YES;
				INFOPLIST_KEY_UILaunchStoryboardName = LaunchScreen;
				INFOPLIST_KEY_UIMainStoryboardFile = Main;
				INFOPLIST_KEY_UISupportedInterfaceOrientations_iPad = "UIInterfaceOrientationPortrait UIInterfaceOrientationPortraitUpsideDown UIInterfaceOrientationLandscapeLeft UIInterfaceOrientationLandscapeRight";
				INFOPLIST_KEY_UISupportedInterfaceOrientations_iPhone = "UIInterfaceOrientationPortrait UIInterfaceOrientationLandscapeLeft UIInterfaceOrientationLandscapeRight";
				LD_RUNPATH_SEARCH_PATHS = (
					"$(inherited)",
					"@executable_path/Frameworks",
				);
				MARKETING_VERSION = 1.0;
				PRODUCT_BUNDLE_IDENTIFIER = com.huaibor.ncmdemo;
				PRODUCT_NAME = "$(TARGET_NAME)";
				SWIFT_EMIT_LOC_STRINGS = YES;
				SWIFT_VERSION = 5.0;
				TARGETED_DEVICE_FAMILY = "1,2";
			};
			name = Release;
		};
		56E2B7ED2FA1CF4D006662A3 /* Debug */ = {
			isa = XCBuildConfiguration;
			buildSettings = {
				ALWAYS_SEARCH_USER_PATHS = NO;
				ASSETCATALOG_COMPILER_GENERATE_SWIFT_ASSET_SYMBOL_EXTENSIONS = YES;
				CLANG_ANALYZER_NONNULL = YES;
				CLANG_ANALYZER_NUMBER_OBJECT_CONVERSION = YES_AGGRESSIVE;
				CLANG_CXX_LANGUAGE_STANDARD = "gnu++20";
				CLANG_ENABLE_MODULES = YES;
				CLANG_ENABLE_OBJC_ARC = YES;
				CLANG_ENABLE_OBJC_WEAK = YES;
				CLANG_WARN_BLOCK_CAPTURE_AUTORELEASING = YES;
				CLANG_WARN_BOOL_CONVERSION = YES;
				CLANG_WARN_COMMA = YES;
				CLANG_WARN_CONSTANT_CONVERSION = YES;
				CLANG_WARN_DEPRECATED_OBJC_IMPLEMENTATIONS = YES;
				CLANG_WARN_DIRECT_OBJC_ISA_USAGE = YES_ERROR;
				CLANG_WARN_DOCUMENTATION_COMMENTS = YES;
				CLANG_WARN_EMPTY_BODY = YES;
				CLANG_WARN_ENUM_CONVERSION = YES;
				CLANG_WARN_INFINITE_RECURSION = YES;
				CLANG_WARN_INT_CONVERSION = YES;
				CLANG_WARN_NON_LITERAL_NULL_CONVERSION = YES;
				CLANG_WARN_OBJC_IMPLICIT_RETAIN_SELF = YES;
				CLANG_WARN_OBJC_LITERAL_CONVERSION = YES;
				CLANG_WARN_OBJC_ROOT_CLASS = YES_ERROR;
				CLANG_WARN_QUOTED_INCLUDE_IN_FRAMEWORK_HEADER = YES;
				CLANG_WARN_RANGE_LOOP_ANALYSIS = YES;
				CLANG_WARN_STRICT_PROTOTYPES = YES;
				CLANG_WARN_SUSPICIOUS_MOVE = YES;
				CLANG_WARN_UNGUARDED_AVAILABILITY = YES_AGGRESSIVE;
				CLANG_WARN_UNREACHABLE_CODE = YES;
				CLANG_WARN__DUPLICATE_METHOD_MATCH = YES;
				COPY_PHASE_STRIP = NO;
				DEBUG_INFORMATION_FORMAT = dwarf;
				ENABLE_STRICT_OBJC_MSGSEND = YES;
				ENABLE_TESTABILITY = YES;
				ENABLE_USER_SCRIPT_SANDBOXING = YES;
				GCC_C_LANGUAGE_STANDARD = gnu17;
				GCC_DYNAMIC_NO_PIC = NO;
				GCC_NO_COMMON_BLOCKS = YES;
				GCC_OPTIMIZATION_LEVEL = 0;
				GCC_PREPROCESSOR_DEFINITIONS = (
					"DEBUG=1",
					"$(inherited)",
				);
				GCC_WARN_64_TO_32_BIT_CONVERSION = YES;
				GCC_WARN_ABOUT_RETURN_TYPE = YES_ERROR;
				GCC_WARN_UNDECLARED_SELECTOR = YES;
				GCC_WARN_UNINITIALIZED_AUTOS = YES_AGGRESSIVE;
				GCC_WARN_UNUSED_FUNCTION = YES;
				GCC_WARN_UNUSED_VARIABLE = YES;
				IPHONEOS_DEPLOYMENT_TARGET = 18.2;
				LOCALIZATION_PREFERS_STRING_CATALOGS = YES;
				MTL_ENABLE_DEBUG_INFO = INCLUDE_SOURCE;
				MTL_FAST_MATH = YES;
				ONLY_ACTIVE_ARCH = YES;
				SDKROOT = iphoneos;
				SWIFT_ACTIVE_COMPILATION_CONDITIONS = "DEBUG $(inherited)";
				SWIFT_OPTIMIZATION_LEVEL = "-Onone";
			};
			name = Debug;
		};
		56E2B7EE2FA1CF4D006662A3 /* Release */ = {
			isa = XCBuildConfiguration;
			buildSettings = {
				ALWAYS_SEARCH_USER_PATHS = NO;
				ASSETCATALOG_COMPILER_GENERATE_SWIFT_ASSET_SYMBOL_EXTENSIONS = YES;
				CLANG_ANALYZER_NONNULL = YES;
				CLANG_ANALYZER_NUMBER_OBJECT_CONVERSION = YES_AGGRESSIVE;
				CLANG_CXX_LANGUAGE_STANDARD = "gnu++20";
				CLANG_ENABLE_MODULES = YES;
				CLANG_ENABLE_OBJC_ARC = YES;
				CLANG_ENABLE_OBJC_WEAK = YES;
				CLANG_WARN_BLOCK_CAPTURE_AUTORELEASING = YES;
				CLANG_WARN_BOOL_CONVERSION = YES;
				CLANG_WARN_COMMA = YES;
				CLANG_WARN_CONSTANT_CONVERSION = YES;
				CLANG_WARN_DEPRECATED_OBJC_IMPLEMENTATIONS = YES;
				CLANG_WARN_DIRECT_OBJC_ISA_USAGE = YES_ERROR;
				CLANG_WARN_DOCUMENTATION_COMMENTS = YES;
				CLANG_WARN_EMPTY_BODY = YES;
				CLANG_WARN_ENUM_CONVERSION = YES;
				CLANG_WARN_INFINITE_RECURSION = YES;
				CLANG_WARN_INT_CONVERSION = YES;
				CLANG_WARN_NON_LITERAL_NULL_CONVERSION = YES;
				CLANG_WARN_OBJC_IMPLICIT_RETAIN_SELF = YES;
				CLANG_WARN_OBJC_LITERAL_CONVERSION = YES;
				CLANG_WARN_OBJC_ROOT_CLASS = YES_ERROR;
				CLANG_WARN_QUOTED_INCLUDE_IN_FRAMEWORK_HEADER = YES;
				CLANG_WARN_RANGE_LOOP_ANALYSIS = YES;
				CLANG_WARN_STRICT_PROTOTYPES = YES;
				CLANG_WARN_SUSPICIOUS_MOVE = YES;
				CLANG_WARN_UNGUARDED_AVAILABILITY = YES_AGGRESSIVE;
				CLANG_WARN_UNREACHABLE_CODE = YES;
				CLANG_WARN__DUPLICATE_METHOD_MATCH = YES;
				COPY_PHASE_STRIP = NO;
				DEBUG_INFORMATION_FORMAT = "dwarf-with-dsym";
				ENABLE_NS_ASSERTIONS = NO;
				ENABLE_STRICT_OBJC_MSGSEND = YES;
				ENABLE_USER_SCRIPT_SANDBOXING = YES;
				GCC_C_LANGUAGE_STANDARD = gnu17;
				GCC_NO_COMMON_BLOCKS = YES;
				GCC_WARN_64_TO_32_BIT_CONVERSION = YES;
				GCC_WARN_ABOUT_RETURN_TYPE = YES_ERROR;
				GCC_WARN_UNDECLARED_SELECTOR = YES;
				GCC_WARN_UNINITIALIZED_AUTOS = YES_AGGRESSIVE;
				GCC_WARN_UNUSED_FUNCTION = YES;
				GCC_WARN_UNUSED_VARIABLE = YES;
				IPHONEOS_DEPLOYMENT_TARGET = 18.2;
				LOCALIZATION_PREFERS_STRING_CATALOGS = YES;
				MTL_ENABLE_DEBUG_INFO = NO;
				MTL_FAST_MATH = YES;
				SDKROOT = iphoneos;
				SWIFT_COMPILATION_MODE = wholemodule;
				VALIDATE_PRODUCT = YES;
			};
			name = Release;
		};
		56E2B7F02FA1CF4D006662A3 /* Debug */ = {
			isa = XCBuildConfiguration;
			buildSettings = {
				BUNDLE_LOADER = "$(TEST_HOST)";
				CODE_SIGN_STYLE = Automatic;
				CURRENT_PROJECT_VERSION = 1;
				DEVELOPMENT_TEAM = CS52G5Z35S;
				GENERATE_INFOPLIST_FILE = YES;
				IPHONEOS_DEPLOYMENT_TARGET = 18.2;
				MARKETING_VERSION = 1.0;
				PRODUCT_BUNDLE_IDENTIFIER = com.huaibor.ncmdemoTests;
				PRODUCT_NAME = "$(TARGET_NAME)";
				SWIFT_EMIT_LOC_STRINGS = NO;
				SWIFT_VERSION = 5.0;
				TARGETED_DEVICE_FAMILY = "1,2";
				TEST_HOST = "$(BUILT_PRODUCTS_DIR)/ncmdemo.app/$(BUNDLE_EXECUTABLE_FOLDER_PATH)/ncmdemo";
			};
			name = Debug;
		};
		56E2B7F12FA1CF4D006662A3 /* Release */ = {
			isa = XCBuildConfiguration;
			buildSettings = {
				BUNDLE_LOADER = "$(TEST_HOST)";
				CODE_SIGN_STYLE = Automatic;
				CURRENT_PROJECT_VERSION = 1;
				DEVELOPMENT_TEAM = CS52G5Z35S;
				GENERATE_INFOPLIST_FILE = YES;
				IPHONEOS_DEPLOYMENT_TARGET = 18.2;
				MARKETING_VERSION = 1.0;
				PRODUCT_BUNDLE_IDENTIFIER = com.huaibor.ncmdemoTests;
				PRODUCT_NAME = "$(TARGET_NAME)";
				SWIFT_EMIT_LOC_STRINGS = NO;
				SWIFT_VERSION = 5.0;
				TARGETED_DEVICE_FAMILY = "1,2";
				TEST_HOST = "$(BUILT_PRODUCTS_DIR)/ncmdemo.app/$(BUNDLE_EXECUTABLE_FOLDER_PATH)/ncmdemo";
			};
			name = Release;
		};
		56E2B7F32FA1CF4D006662A3 /* Debug */ = {
			isa = XCBuildConfiguration;
			buildSettings = {
				CODE_SIGN_STYLE = Automatic;
				CURRENT_PROJECT_VERSION = 1;
				DEVELOPMENT_TEAM = CS52G5Z35S;
				GENERATE_INFOPLIST_FILE = YES;
				MARKETING_VERSION = 1.0;
				PRODUCT_BUNDLE_IDENTIFIER = com.huaibor.ncmdemoUITests;
				PRODUCT_NAME = "$(TARGET_NAME)";
				SWIFT_EMIT_LOC_STRINGS = NO;
				SWIFT_VERSION = 5.0;
				TARGETED_DEVICE_FAMILY = "1,2";
				TEST_TARGET_NAME = ncmdemo;
			};
			name = Debug;
		};
		56E2B7F42FA1CF4D006662A3 /* Release */ = {
			isa = XCBuildConfiguration;
			buildSettings = {
				CODE_SIGN_STYLE = Automatic;
				CURRENT_PROJECT_VERSION = 1;
				DEVELOPMENT_TEAM = CS52G5Z35S;
				GENERATE_INFOPLIST_FILE = YES;
				MARKETING_VERSION = 1.0;
				PRODUCT_BUNDLE_IDENTIFIER = com.huaibor.ncmdemoUITests;
				PRODUCT_NAME = "$(TARGET_NAME)";
				SWIFT_EMIT_LOC_STRINGS = NO;
				SWIFT_VERSION = 5.0;
				TARGETED_DEVICE_FAMILY = "1,2";
				TEST_TARGET_NAME = ncmdemo;
			};
			name = Release;
		};
/* End XCBuildConfiguration section */

/* Begin XCConfigurationList section */
		56E2B7BC2FA1CF4B006662A3 /* Build configuration list for PBXProject "ncmdemo" */ = {
			isa = XCConfigurationList;
			buildConfigurations = (
				56E2B7ED2FA1CF4D006662A3 /* Debug */,
				56E2B7EE2FA1CF4D006662A3 /* Release */,
			);
			defaultConfigurationIsVisible = 0;
			defaultConfigurationName = Release;
		};
		56E2B7EA2FA1CF4D006662A3 /* Build configuration list for PBXNativeTarget "ncmdemo" */ = {
			isa = XCConfigurationList;
			buildConfigurations = (
				56E2B7EB2FA1CF4D006662A3 /* Debug */,
				56E2B7EC2FA1CF4D006662A3 /* Release */,
			);
			defaultConfigurationIsVisible = 0;
			defaultConfigurationName = Release;
		};
		56E2B7EF2FA1CF4D006662A3 /* Build configuration list for PBXNativeTarget "ncmdemoTests" */ = {
			isa = XCConfigurationList;
			buildConfigurations = (
				56E2B7F02FA1CF4D006662A3 /* Debug */,
				56E2B7F12FA1CF4D006662A3 /* Release */,
			);
			defaultConfigurationIsVisible = 0;
			defaultConfigurationName = Release;
		};
		56E2B7F22FA1CF4D006662A3 /* Build configuration list for PBXNativeTarget "ncmdemoUITests" */ = {
			isa = XCConfigurationList;
			buildConfigurations = (
				56E2B7F32FA1CF4D006662A3 /* Debug */,
				56E2B7F42FA1CF4D006662A3 /* Release */,
			);
			defaultConfigurationIsVisible = 0;
			defaultConfigurationName = Release;
		};
/* End XCConfigurationList section */
	};
	rootObject = 56E2B7B92FA1CF4B006662A3 /* Project object */;
}
